# THIS IS AN AUTOGENERATED FILE. DO NOT EDIT THIS FILE DIRECTLY.
# yarn lockfile v1


prime-number-sequence@^0.0.0:
  version "0.0.0"
  resolved "https://registry.yarnpkg.com/prime-number-sequence/-/prime-number-sequence-0.0.0.tgz#2c6a1e8c9529a0ea1cb3abae1a1d49e501ea1743"
  integrity sha512-4Z5yclUWIc3cEJ1L4CQ5jsQpzNb67zWT3FfrpHfgJsIpPWTdvuJlMfcEYN8zbc5uCaK9iQf0K6uMlZnx9iS8fw==
